
Microsoft Visual Studio Solution File, Format Version 12.00
# Visual Studio Version 16
VisualStudioVersion = 16.0.30907.101
MinimumVisualStudioVersion = 10.0.40219.1
Project("{FAE04EC0-301F-11D3-BF4B-00C04F79EFBC}") = "homework2", "homework2\homework2.csproj", "{1ECDE1A2-1504-483F-BDEE-62E0AD3D6F6E}"
EndProject
Global
	GlobalSection(SolutionConfigurationPlatforms) = preSolution
		Debug|Any CPU = Debug|Any CPU
		Release|Any CPU = Release|Any CPU
	EndGlobalSection
	GlobalSection(ProjectConfigurationPlatforms) = postSolution
		{1ECDE1A2-1504-483F-BDEE-62E0AD3D6F6E}.Debug|Any CPU.ActiveCfg = Debug|Any CPU
		{1ECDE1A2-1504-483F-BDEE-62E0AD3D6F6E}.Debug|Any CPU.Build.0 = Debug|Any CPU
		{1ECDE1A2-1504-483F-BDEE-62E0AD3D6F6E}.Release|Any CPU.ActiveCfg = Release|Any CPU
		{1ECDE1A2-1504-483F-BDEE-62E0AD3D6F6E}.Release|Any CPU.Build.0 = Release|Any CPU
	EndGlobalSection
	GlobalSection(SolutionProperties) = preSolution
		HideSolutionNode = FALSE
	EndGlobalSection
	GlobalSection(ExtensibilityGlobals) = postSolution
		SolutionGuid = {7C27C68A-C476-403A-8E77-CC969B2A9EF0}
	EndGlobalSection
EndGlobal
