
Microsoft Visual Studio Solution File, Format Version 12.00
# Visual Studio Version 16
VisualStudioVersion = 16.0.30907.101
MinimumVisualStudioVersion = 10.0.40219.1
Project("{FAE04EC0-301F-11D3-BF4B-00C04F79EFBC}") = "homework3", "homework3\homework3.csproj", "{C9CE3783-3D6B-4AE9-A105-BF1FE6969EF7}"
EndProject
Global
	GlobalSection(SolutionConfigurationPlatforms) = preSolution
		Debug|Any CPU = Debug|Any CPU
		Release|Any CPU = Release|Any CPU
	EndGlobalSection
	GlobalSection(ProjectConfigurationPlatforms) = postSolution
		{C9CE3783-3D6B-4AE9-A105-BF1FE6969EF7}.Debug|Any CPU.ActiveCfg = Debug|Any CPU
		{C9CE3783-3D6B-4AE9-A105-BF1FE6969EF7}.Debug|Any CPU.Build.0 = Debug|Any CPU
		{C9CE3783-3D6B-4AE9-A105-BF1FE6969EF7}.Release|Any CPU.ActiveCfg = Release|Any CPU
		{C9CE3783-3D6B-4AE9-A105-BF1FE6969EF7}.Release|Any CPU.Build.0 = Release|Any CPU
	EndGlobalSection
	GlobalSection(SolutionProperties) = preSolution
		HideSolutionNode = FALSE
	EndGlobalSection
	GlobalSection(ExtensibilityGlobals) = postSolution
		SolutionGuid = {116CA523-1A89-4582-B591-792E2E04F873}
	EndGlobalSection
EndGlobal
