
Microsoft Visual Studio Solution File, Format Version 12.00
# Visual Studio Version 16
VisualStudioVersion = 16.0.30907.101
MinimumVisualStudioVersion = 10.0.40219.1
Project("{FAE04EC0-301F-11D3-BF4B-00C04F79EFBC}") = "homework1", "homework1\homework1.csproj", "{24D1F171-9FA9-46F4-851E-B55D4DB32040}"
EndProject
Global
	GlobalSection(SolutionConfigurationPlatforms) = preSolution
		Debug|Any CPU = Debug|Any CPU
		Release|Any CPU = Release|Any CPU
	EndGlobalSection
	GlobalSection(ProjectConfigurationPlatforms) = postSolution
		{24D1F171-9FA9-46F4-851E-B55D4DB32040}.Debug|Any CPU.ActiveCfg = Debug|Any CPU
		{24D1F171-9FA9-46F4-851E-B55D4DB32040}.Debug|Any CPU.Build.0 = Debug|Any CPU
		{24D1F171-9FA9-46F4-851E-B55D4DB32040}.Release|Any CPU.ActiveCfg = Release|Any CPU
		{24D1F171-9FA9-46F4-851E-B55D4DB32040}.Release|Any CPU.Build.0 = Release|Any CPU
	EndGlobalSection
	GlobalSection(SolutionProperties) = preSolution
		HideSolutionNode = FALSE
	EndGlobalSection
	GlobalSection(ExtensibilityGlobals) = postSolution
		SolutionGuid = {1B73910E-1B63-4396-B2BD-E1CEFC1C3509}
	EndGlobalSection
EndGlobal
