
Microsoft Visual Studio Solution File, Format Version 12.00
# Visual Studio Version 16
VisualStudioVersion = 16.0.30907.101
MinimumVisualStudioVersion = 10.0.40219.1
Project("{FAE04EC0-301F-11D3-BF4B-00C04F79EFBC}") = "homework1", "homework1\homework1.csproj", "{EF3C649D-0012-4F33-81B8-2D8949A8C4EE}"
EndProject
Global
	GlobalSection(SolutionConfigurationPlatforms) = preSolution
		Debug|Any CPU = Debug|Any CPU
		Release|Any CPU = Release|Any CPU
	EndGlobalSection
	GlobalSection(ProjectConfigurationPlatforms) = postSolution
		{EF3C649D-0012-4F33-81B8-2D8949A8C4EE}.Debug|Any CPU.ActiveCfg = Debug|Any CPU
		{EF3C649D-0012-4F33-81B8-2D8949A8C4EE}.Debug|Any CPU.Build.0 = Debug|Any CPU
		{EF3C649D-0012-4F33-81B8-2D8949A8C4EE}.Release|Any CPU.ActiveCfg = Release|Any CPU
		{EF3C649D-0012-4F33-81B8-2D8949A8C4EE}.Release|Any CPU.Build.0 = Release|Any CPU
	EndGlobalSection
	GlobalSection(SolutionProperties) = preSolution
		HideSolutionNode = FALSE
	EndGlobalSection
	GlobalSection(ExtensibilityGlobals) = postSolution
		SolutionGuid = {CC3B2097-0D34-4049-9E03-4A1A6B337D6D}
	EndGlobalSection
EndGlobal
