
Microsoft Visual Studio Solution File, Format Version 12.00
# Visual Studio Version 16
VisualStudioVersion = 16.0.30907.101
MinimumVisualStudioVersion = 10.0.40219.1
Project("{FAE04EC0-301F-11D3-BF4B-00C04F79EFBC}") = "homework2", "homework2\homework2.csproj", "{D6EE4411-F673-4A80-ADC1-0F026F512C56}"
EndProject
Global
	GlobalSection(SolutionConfigurationPlatforms) = preSolution
		Debug|Any CPU = Debug|Any CPU
		Release|Any CPU = Release|Any CPU
	EndGlobalSection
	GlobalSection(ProjectConfigurationPlatforms) = postSolution
		{D6EE4411-F673-4A80-ADC1-0F026F512C56}.Debug|Any CPU.ActiveCfg = Debug|Any CPU
		{D6EE4411-F673-4A80-ADC1-0F026F512C56}.Debug|Any CPU.Build.0 = Debug|Any CPU
		{D6EE4411-F673-4A80-ADC1-0F026F512C56}.Release|Any CPU.ActiveCfg = Release|Any CPU
		{D6EE4411-F673-4A80-ADC1-0F026F512C56}.Release|Any CPU.Build.0 = Release|Any CPU
	EndGlobalSection
	GlobalSection(SolutionProperties) = preSolution
		HideSolutionNode = FALSE
	EndGlobalSection
	GlobalSection(ExtensibilityGlobals) = postSolution
		SolutionGuid = {EEBF648C-17C6-41D1-881A-8EB32A2ABE14}
	EndGlobalSection
EndGlobal
