
Microsoft Visual Studio Solution File, Format Version 12.00
# Visual Studio Version 16
VisualStudioVersion = 16.0.30907.101
MinimumVisualStudioVersion = 10.0.40219.1
Project("{FAE04EC0-301F-11D3-BF4B-00C04F79EFBC}") = "homework2", "homework2\homework2.csproj", "{D336336D-636E-4350-B17D-88D2ECE2F575}"
EndProject
Global
	GlobalSection(SolutionConfigurationPlatforms) = preSolution
		Debug|Any CPU = Debug|Any CPU
		Release|Any CPU = Release|Any CPU
	EndGlobalSection
	GlobalSection(ProjectConfigurationPlatforms) = postSolution
		{D336336D-636E-4350-B17D-88D2ECE2F575}.Debug|Any CPU.ActiveCfg = Debug|Any CPU
		{D336336D-636E-4350-B17D-88D2ECE2F575}.Debug|Any CPU.Build.0 = Debug|Any CPU
		{D336336D-636E-4350-B17D-88D2ECE2F575}.Release|Any CPU.ActiveCfg = Release|Any CPU
		{D336336D-636E-4350-B17D-88D2ECE2F575}.Release|Any CPU.Build.0 = Release|Any CPU
	EndGlobalSection
	GlobalSection(SolutionProperties) = preSolution
		HideSolutionNode = FALSE
	EndGlobalSection
	GlobalSection(ExtensibilityGlobals) = postSolution
		SolutionGuid = {B4F1400F-56D6-4D98-8D2A-DEBE56AB30E0}
	EndGlobalSection
EndGlobal
