
Microsoft Visual Studio Solution File, Format Version 12.00
# Visual Studio Version 16
VisualStudioVersion = 16.0.30907.101
MinimumVisualStudioVersion = 10.0.40219.1
Project("{FAE04EC0-301F-11D3-BF4B-00C04F79EFBC}") = "homework4", "homework4\homework4.csproj", "{1E842CC8-CFB1-47ED-A915-AA08B8527274}"
EndProject
Global
	GlobalSection(SolutionConfigurationPlatforms) = preSolution
		Debug|Any CPU = Debug|Any CPU
		Release|Any CPU = Release|Any CPU
	EndGlobalSection
	GlobalSection(ProjectConfigurationPlatforms) = postSolution
		{1E842CC8-CFB1-47ED-A915-AA08B8527274}.Debug|Any CPU.ActiveCfg = Debug|Any CPU
		{1E842CC8-CFB1-47ED-A915-AA08B8527274}.Debug|Any CPU.Build.0 = Debug|Any CPU
		{1E842CC8-CFB1-47ED-A915-AA08B8527274}.Release|Any CPU.ActiveCfg = Release|Any CPU
		{1E842CC8-CFB1-47ED-A915-AA08B8527274}.Release|Any CPU.Build.0 = Release|Any CPU
	EndGlobalSection
	GlobalSection(SolutionProperties) = preSolution
		HideSolutionNode = FALSE
	EndGlobalSection
	GlobalSection(ExtensibilityGlobals) = postSolution
		SolutionGuid = {92776766-47AE-45C5-A900-447E57446434}
	EndGlobalSection
EndGlobal
