
Microsoft Visual Studio Solution File, Format Version 12.00
# Visual Studio Version 16
VisualStudioVersion = 16.0.30907.101
MinimumVisualStudioVersion = 10.0.40219.1
Project("{FAE04EC0-301F-11D3-BF4B-00C04F79EFBC}") = "homework1", "homework1\homework1.csproj", "{17B91FF3-BC3A-47E0-B32F-247C120B7616}"
EndProject
Global
	GlobalSection(SolutionConfigurationPlatforms) = preSolution
		Debug|Any CPU = Debug|Any CPU
		Release|Any CPU = Release|Any CPU
	EndGlobalSection
	GlobalSection(ProjectConfigurationPlatforms) = postSolution
		{17B91FF3-BC3A-47E0-B32F-247C120B7616}.Debug|Any CPU.ActiveCfg = Debug|Any CPU
		{17B91FF3-BC3A-47E0-B32F-247C120B7616}.Debug|Any CPU.Build.0 = Debug|Any CPU
		{17B91FF3-BC3A-47E0-B32F-247C120B7616}.Release|Any CPU.ActiveCfg = Release|Any CPU
		{17B91FF3-BC3A-47E0-B32F-247C120B7616}.Release|Any CPU.Build.0 = Release|Any CPU
	EndGlobalSection
	GlobalSection(SolutionProperties) = preSolution
		HideSolutionNode = FALSE
	EndGlobalSection
	GlobalSection(ExtensibilityGlobals) = postSolution
		SolutionGuid = {FCD65E39-BD09-48E6-A31B-DBC8190491F9}
	EndGlobalSection
EndGlobal
